
Microsoft Visual Studio Solution File, Format Version 12.00
# Visual Studio Version 17
VisualStudioVersion = 17.1.32407.343
MinimumVisualStudioVersion = 10.0.40219.1
Project("{FAE04EC0-301F-11D3-BF4B-00C04F79EFBC}") = "MVCApp", "MVCApp.csproj", "{B5447E9D-6182-4A5D-8D19-31A3FBCBB647}"
EndProject
Global
	GlobalSection(SolutionConfigurationPlatforms) = preSolution
		Debug|Any CPU = Debug|Any CPU
		Release|Any CPU = Release|Any CPU
	EndGlobalSection
	GlobalSection(ProjectConfigurationPlatforms) = postSolution
		{B5447E9D-6182-4A5D-8D19-31A3FBCBB647}.Debug|Any CPU.ActiveCfg = Debug|Any CPU
		{B5447E9D-6182-4A5D-8D19-31A3FBCBB647}.Debug|Any CPU.Build.0 = Debug|Any CPU
		{B5447E9D-6182-4A5D-8D19-31A3FBCBB647}.Release|Any CPU.ActiveCfg = Release|Any CPU
		{B5447E9D-6182-4A5D-8D19-31A3FBCBB647}.Release|Any CPU.Build.0 = Release|Any CPU
	EndGlobalSection
	GlobalSection(SolutionProperties) = preSolution
		HideSolutionNode = FALSE
	EndGlobalSection
	GlobalSection(ExtensibilityGlobals) = postSolution
		SolutionGuid = {E12F49CF-DD41-46B2-98AC-EA04D4686E41}
	EndGlobalSection
EndGlobal
